
Microsoft Visual Studio Solution File, Format Version 12.00
# Visual Studio Version 16
VisualStudioVersion = 16.0.29709.97
MinimumVisualStudioVersion = 10.0.40219.1
Project("{FAE04EC0-301F-11D3-BF4B-00C04F79EFBC}") = "Eagle Eye Car Mart", "Eagle Eye Car Mart\Eagle Eye Car Mart.csproj", "{3393A422-394D-4097-9709-BC9647813C59}"
EndProject
Global
	GlobalSection(SolutionConfigurationPlatforms) = preSolution
		Debug|Any CPU = Debug|Any CPU
		Release|Any CPU = Release|Any CPU
	EndGlobalSection
	GlobalSection(ProjectConfigurationPlatforms) = postSolution
		{3393A422-394D-4097-9709-BC9647813C59}.Debug|Any CPU.ActiveCfg = Debug|Any CPU
		{3393A422-394D-4097-9709-BC9647813C59}.Debug|Any CPU.Build.0 = Debug|Any CPU
		{3393A422-394D-4097-9709-BC9647813C59}.Release|Any CPU.ActiveCfg = Release|Any CPU
		{3393A422-394D-4097-9709-BC9647813C59}.Release|Any CPU.Build.0 = Release|Any CPU
	EndGlobalSection
	GlobalSection(SolutionProperties) = preSolution
		HideSolutionNode = FALSE
	EndGlobalSection
	GlobalSection(ExtensibilityGlobals) = postSolution
		SolutionGuid = {14BBF888-0DAB-4784-9354-262E21A50FFD}
	EndGlobalSection
EndGlobal
